// !$*UTF8*$!
{
	archiveVersion = 1;
	classes = {
	};
	objectVersion = 46;
	objects = {

/* Begin PBXBuildFile section */
		043886F71CC874940015372C /* main.m in Sources */ = {isa = PBXBuildFile; fileRef = 043886F61CC874940015372C /* main.m */; };
		043886FA1CC874940015372C /* AppDelegate.m in Sources */ = {isa = PBXBuildFile; fileRef = 043886F91CC874940015372C /* AppDelegate.m */; };
		043886FD1CC874940015372C /* ViewController.m in Sources */ = {isa = PBXBuildFile; fileRef = 043886FC1CC874940015372C /* ViewController.m */; };
		043887001CC874940015372C /* Main.storyboard in Resources */ = {isa = PBXBuildFile; fileRef = 043886FE1CC874940015372C /* Main.storyboard */; };
		043887021CC874940015372C /* Assets.xcassets in Resources */ = {isa = PBXBuildFile; fileRef = 043887011CC874940015372C /* Assets.xcassets */; };
		043887051CC874940015372C /* LaunchScreen.storyboard in Resources */ = {isa = PBXBuildFile; fileRef = 043887031CC874940015372C /* LaunchScreen.storyboard */; };
		0438870E1CC874BA0015372C /* TableCell.m in Sources */ = {isa = PBXBuildFile; fileRef = 0438870D1CC874BA0015372C /* TableCell.m */; };
		043887111CC877600015372C /* shoppingnormal.png in Resources */ = {isa = PBXBuildFile; fileRef = 0438870F1CC877600015372C /* shoppingnormal.png */; };
		043887121CC877600015372C /* shoppingSelected.png in Resources */ = {isa = PBXBuildFile; fileRef = 043887101CC877600015372C /* shoppingSelected.png */; };
		0438872D1CC87A130015372C /* MASCompositeConstraint.m in Sources */ = {isa = PBXBuildFile; fileRef = 043887151CC87A130015372C /* MASCompositeConstraint.m */; };
		0438872E1CC87A130015372C /* MASConstraint.m in Sources */ = {isa = PBXBuildFile; fileRef = 043887181CC87A130015372C /* MASConstraint.m */; };
		0438872F1CC87A130015372C /* MASConstraintMaker.m in Sources */ = {isa = PBXBuildFile; fileRef = 0438871A1CC87A130015372C /* MASConstraintMaker.m */; };
		043887301CC87A130015372C /* MASLayoutConstraint.m in Sources */ = {isa = PBXBuildFile; fileRef = 0438871C1CC87A130015372C /* MASLayoutConstraint.m */; };
		043887311CC87A130015372C /* MASViewAttribute.m in Sources */ = {isa = PBXBuildFile; fileRef = 043887201CC87A130015372C /* MASViewAttribute.m */; };
		043887321CC87A130015372C /* MASViewConstraint.m in Sources */ = {isa = PBXBuildFile; fileRef = 043887221CC87A130015372C /* MASViewConstraint.m */; };
		043887331CC87A130015372C /* NSArray+MASAdditions.m in Sources */ = {isa = PBXBuildFile; fileRef = 043887241CC87A130015372C /* NSArray+MASAdditions.m */; };
		043887341CC87A130015372C /* NSLayoutConstraint+MASDebugAdditions.m in Sources */ = {isa = PBXBuildFile; fileRef = 043887271CC87A130015372C /* NSLayoutConstraint+MASDebugAdditions.m */; };
		043887351CC87A130015372C /* View+MASAdditions.m in Sources */ = {isa = PBXBuildFile; fileRef = 043887291CC87A130015372C /* View+MASAdditions.m */; };
		043887361CC87A130015372C /* ViewController+MASAdditions.m in Sources */ = {isa = PBXBuildFile; fileRef = 0438872C1CC87A130015372C /* ViewController+MASAdditions.m */; };
/* End PBXBuildFile section */

/* Begin PBXFileReference section */
		043886F21CC874940015372C /* tableViewButtonSelect.app */ = {isa = PBXFileReference; explicitFileType = wrapper.application; includeInIndex = 0; path = tableViewButtonSelect.app; sourceTree = BUILT_PRODUCTS_DIR; };
		043886F61CC874940015372C /* main.m */ = {isa = PBXFileReference; lastKnownFileType = sourcecode.c.objc; path = main.m; sourceTree = "<group>"; };
		043886F81CC874940015372C /* AppDelegate.h */ = {isa = PBXFileReference; lastKnownFileType = sourcecode.c.h; path = AppDelegate.h; sourceTree = "<group>"; };
		043886F91CC874940015372C /* AppDelegate.m */ = {isa = PBXFileReference; lastKnownFileType = sourcecode.c.objc; path = AppDelegate.m; sourceTree = "<group>"; };
		043886FB1CC874940015372C /* ViewController.h */ = {isa = PBXFileReference; lastKnownFileType = sourcecode.c.h; path = ViewController.h; sourceTree = "<group>"; };
		043886FC1CC874940015372C /* ViewController.m */ = {isa = PBXFileReference; lastKnownFileType = sourcecode.c.objc; path = ViewController.m; sourceTree = "<group>"; };
		043886FF1CC874940015372C /* Base */ = {isa = PBXFileReference; lastKnownFileType = file.storyboard; name = Base; path = Base.lproj/Main.storyboard; sourceTree = "<group>"; };
		043887011CC874940015372C /* Assets.xcassets */ = {isa = PBXFileReference; lastKnownFileType = folder.assetcatalog; path = Assets.xcassets; sourceTree = "<group>"; };
		043887041CC874940015372C /* Base */ = {isa = PBXFileReference; lastKnownFileType = file.storyboard; name = Base; path = Base.lproj/LaunchScreen.storyboard; sourceTree = "<group>"; };
		043887061CC874940015372C /* Info.plist */ = {isa = PBXFileReference; lastKnownFileType = text.plist.xml; path = Info.plist; sourceTree = "<group>"; };
		0438870C1CC874BA0015372C /* TableCell.h */ = {isa = PBXFileReference; fileEncoding = 4; lastKnownFileType = sourcecode.c.h; path = TableCell.h; sourceTree = "<group>"; };
		0438870D1CC874BA0015372C /* TableCell.m */ = {isa = PBXFileReference; fileEncoding = 4; lastKnownFileType = sourcecode.c.objc; path = TableCell.m; sourceTree = "<group>"; };
		0438870F1CC877600015372C /* shoppingnormal.png */ = {isa = PBXFileReference; lastKnownFileType = image.png; path = shoppingnormal.png; sourceTree = "<group>"; };
		043887101CC877600015372C /* shoppingSelected.png */ = {isa = PBXFileReference; lastKnownFileType = image.png; path = shoppingSelected.png; sourceTree = "<group>"; };
		043887141CC87A130015372C /* MASCompositeConstraint.h */ = {isa = PBXFileReference; fileEncoding = 4; lastKnownFileType = sourcecode.c.h; path = MASCompositeConstraint.h; sourceTree = "<group>"; };
		043887151CC87A130015372C /* MASCompositeConstraint.m */ = {isa = PBXFileReference; fileEncoding = 4; lastKnownFileType = sourcecode.c.objc; path = MASCompositeConstraint.m; sourceTree = "<group>"; };
		043887161CC87A130015372C /* MASConstraint+Private.h */ = {isa = PBXFileReference; fileEncoding = 4; lastKnownFileType = sourcecode.c.h; path = "MASConstraint+Private.h"; sourceTree = "<group>"; };
		043887171CC87A130015372C /* MASConstraint.h */ = {isa = PBXFileReference; fileEncoding = 4; lastKnownFileType = sourcecode.c.h; path = MASConstraint.h; sourceTree = "<group>"; };
		043887181CC87A130015372C /* MASConstraint.m */ = {isa = PBXFileReference; fileEncoding = 4; lastKnownFileType = sourcecode.c.objc; path = MASConstraint.m; sourceTree = "<group>"; };
		043887191CC87A130015372C /* MASConstraintMaker.h */ = {isa = PBXFileReference; fileEncoding = 4; lastKnownFileType = sourcecode.c.h; path = MASConstraintMaker.h; sourceTree = "<group>"; };
		0438871A1CC87A130015372C /* MASConstraintMaker.m */ = {isa = PBXFileReference; fileEncoding = 4; lastKnownFileType = sourcecode.c.objc; path = MASConstraintMaker.m; sourceTree = "<group>"; };
		0438871B1CC87A130015372C /* MASLayoutConstraint.h */ = {isa = PBXFileReference; fileEncoding = 4; lastKnownFileType = sourcecode.c.h; path = MASLayoutConstraint.h; sourceTree = "<group>"; };
		0438871C1CC87A130015372C /* MASLayoutConstraint.m */ = {isa = PBXFileReference; fileEncoding = 4; lastKnownFileType = sourcecode.c.objc; path = MASLayoutConstraint.m; sourceTree = "<group>"; };
		0438871D1CC87A130015372C /* Masonry.h */ = {isa = PBXFileReference; fileEncoding = 4; lastKnownFileType = sourcecode.c.h; path = Masonry.h; sourceTree = "<group>"; };
		0438871E1CC87A130015372C /* MASUtilities.h */ = {isa = PBXFileReference; fileEncoding = 4; lastKnownFileType = sourcecode.c.h; path = MASUtilities.h; sourceTree = "<group>"; };
		0438871F1CC87A130015372C /* MASViewAttribute.h */ = {isa = PBXFileReference; fileEncoding = 4; lastKnownFileType = sourcecode.c.h; path = MASViewAttribute.h; sourceTree = "<group>"; };
		043887201CC87A130015372C /* MASViewAttribute.m */ = {isa = PBXFileReference; fileEncoding = 4; lastKnownFileType = sourcecode.c.objc; path = MASViewAttribute.m; sourceTree = "<group>"; };
		043887211CC87A130015372C /* MASViewConstraint.h */ = {isa = PBXFileReference; fileEncoding = 4; lastKnownFileType = sourcecode.c.h; path = MASViewConstraint.h; sourceTree = "<group>"; };
		043887221CC87A130015372C /* MASViewConstraint.m */ = {isa = PBXFileReference; fileEncoding = 4; lastKnownFileType = sourcecode.c.objc; path = MASViewConstraint.m; sourceTree = "<group>"; };
		043887231CC87A130015372C /* NSArray+MASAdditions.h */ = {isa = PBXFileReference; fileEncoding = 4; lastKnownFileType = sourcecode.c.h; path = "NSArray+MASAdditions.h"; sourceTree = "<group>"; };
		043887241CC87A130015372C /* NSArray+MASAdditions.m */ = {isa = PBXFileReference; fileEncoding = 4; lastKnownFileType = sourcecode.c.objc; path = "NSArray+MASAdditions.m"; sourceTree = "<group>"; };
		043887251CC87A130015372C /* NSArray+MASShorthandAdditions.h */ = {isa = PBXFileReference; fileEncoding = 4; lastKnownFileType = sourcecode.c.h; path = "NSArray+MASShorthandAdditions.h"; sourceTree = "<group>"; };
		043887261CC87A130015372C /* NSLayoutConstraint+MASDebugAdditions.h */ = {isa = PBXFileReference; fileEncoding = 4; lastKnownFileType = sourcecode.c.h; path = "NSLayoutConstraint+MASDebugAdditions.h"; sourceTree = "<group>"; };
		043887271CC87A130015372C /* NSLayoutConstraint+MASDebugAdditions.m */ = {isa = PBXFileReference; fileEncoding = 4; lastKnownFileType = sourcecode.c.objc; path = "NSLayoutConstraint+MASDebugAdditions.m"; sourceTree = "<group>"; };
		043887281CC87A130015372C /* View+MASAdditions.h */ = {isa = PBXFileReference; fileEncoding = 4; lastKnownFileType = sourcecode.c.h; path = "View+MASAdditions.h"; sourceTree = "<group>"; };
		043887291CC87A130015372C /* View+MASAdditions.m */ = {isa = PBXFileReference; fileEncoding = 4; lastKnownFileType = sourcecode.c.objc; path = "View+MASAdditions.m"; sourceTree = "<group>"; };
		0438872A1CC87A130015372C /* View+MASShorthandAdditions.h */ = {isa = PBXFileReference; fileEncoding = 4; lastKnownFileType = sourcecode.c.h; path = "View+MASShorthandAdditions.h"; sourceTree = "<group>"; };
		0438872B1CC87A130015372C /* ViewController+MASAdditions.h */ = {isa = PBXFileReference; fileEncoding = 4; lastKnownFileType = sourcecode.c.h; path = "ViewController+MASAdditions.h"; sourceTree = "<group>"; };
		0438872C1CC87A130015372C /* ViewController+MASAdditions.m */ = {isa = PBXFileReference; fileEncoding = 4; lastKnownFileType = sourcecode.c.objc; path = "ViewController+MASAdditions.m"; sourceTree = "<group>"; };
/* End PBXFileReference section */

/* Begin PBXFrameworksBuildPhase section */
		043886EF1CC874940015372C /* Frameworks */ = {
			isa = PBXFrameworksBuildPhase;
			buildActionMask = 2147483647;
			files = (
			);
			runOnlyForDeploymentPostprocessing = 0;
		};
/* End PBXFrameworksBuildPhase section */

/* Begin PBXGroup section */
		043886E91CC874940015372C = {
			isa = PBXGroup;
			children = (
				043886F41CC874940015372C /* tableViewButtonSelect */,
				043886F31CC874940015372C /* Products */,
			);
			sourceTree = "<group>";
		};
		043886F31CC874940015372C /* Products */ = {
			isa = PBXGroup;
			children = (
				043886F21CC874940015372C /* tableViewButtonSelect.app */,
			);
			name = Products;
			sourceTree = "<group>";
		};
		043886F41CC874940015372C /* tableViewButtonSelect */ = {
			isa = PBXGroup;
			children = (
				043887131CC87A130015372C /* Masonry */,
				0438870F1CC877600015372C /* shoppingnormal.png */,
				043887101CC877600015372C /* shoppingSelected.png */,
				043886F81CC874940015372C /* AppDelegate.h */,
				043886F91CC874940015372C /* AppDelegate.m */,
				043886FB1CC874940015372C /* ViewController.h */,
				043886FC1CC874940015372C /* ViewController.m */,
				043886FE1CC874940015372C /* Main.storyboard */,
				043887011CC874940015372C /* Assets.xcassets */,
				043887031CC874940015372C /* LaunchScreen.storyboard */,
				043887061CC874940015372C /* Info.plist */,
				043886F51CC874940015372C /* Supporting Files */,
				0438870C1CC874BA0015372C /* TableCell.h */,
				0438870D1CC874BA0015372C /* TableCell.m */,
			);
			path = tableViewButtonSelect;
			sourceTree = "<group>";
		};
		043886F51CC874940015372C /* Supporting Files */ = {
			isa = PBXGroup;
			children = (
				043886F61CC874940015372C /* main.m */,
			);
			name = "Supporting Files";
			sourceTree = "<group>";
		};
		043887131CC87A130015372C /* Masonry */ = {
			isa = PBXGroup;
			children = (
				043887141CC87A130015372C /* MASCompositeConstraint.h */,
				043887151CC87A130015372C /* MASCompositeConstraint.m */,
				043887161CC87A130015372C /* MASConstraint+Private.h */,
				043887171CC87A130015372C /* MASConstraint.h */,
				043887181CC87A130015372C /* MASConstraint.m */,
				043887191CC87A130015372C /* MASConstraintMaker.h */,
				0438871A1CC87A130015372C /* MASConstraintMaker.m */,
				0438871B1CC87A130015372C /* MASLayoutConstraint.h */,
				0438871C1CC87A130015372C /* MASLayoutConstraint.m */,
				0438871D1CC87A130015372C /* Masonry.h */,
				0438871E1CC87A130015372C /* MASUtilities.h */,
				0438871F1CC87A130015372C /* MASViewAttribute.h */,
				043887201CC87A130015372C /* MASViewAttribute.m */,
				043887211CC87A130015372C /* MASViewConstraint.h */,
				043887221CC87A130015372C /* MASViewConstraint.m */,
				043887231CC87A130015372C /* NSArray+MASAdditions.h */,
				043887241CC87A130015372C /* NSArray+MASAdditions.m */,
				043887251CC87A130015372C /* NSArray+MASShorthandAdditions.h */,
				043887261CC87A130015372C /* NSLayoutConstraint+MASDebugAdditions.h */,
				043887271CC87A130015372C /* NSLayoutConstraint+MASDebugAdditions.m */,
				043887281CC87A130015372C /* View+MASAdditions.h */,
				043887291CC87A130015372C /* View+MASAdditions.m */,
				0438872A1CC87A130015372C /* View+MASShorthandAdditions.h */,
				0438872B1CC87A130015372C /* ViewController+MASAdditions.h */,
				0438872C1CC87A130015372C /* ViewController+MASAdditions.m */,
			);
			path = Masonry;
			sourceTree = "<group>";
		};
/* End PBXGroup section */

/* Begin PBXNativeTarget section */
		043886F11CC874940015372C /* tableViewButtonSelect */ = {
			isa = PBXNativeTarget;
			buildConfigurationList = 043887091CC874940015372C /* Build configuration list for PBXNativeTarget "tableViewButtonSelect" */;
			buildPhases = (
				043886EE1CC874940015372C /* Sources */,
				043886EF1CC874940015372C /* Frameworks */,
				043886F01CC874940015372C /* Resources */,
			);
			buildRules = (
			);
			dependencies = (
			);
			name = tableViewButtonSelect;
			productName = tableViewButtonSelect;
			productReference = 043886F21CC874940015372C /* tableViewButtonSelect.app */;
			productType = "com.apple.product-type.application";
		};
/* End PBXNativeTarget section */

/* Begin PBXProject section */
		043886EA1CC874940015372C /* Project object */ = {
			isa = PBXProject;
			attributes = {
				LastUpgradeCheck = 0720;
				ORGANIZATIONNAME = liuyl;
				TargetAttributes = {
					043886F11CC874940015372C = {
						CreatedOnToolsVersion = 7.2.1;
					};
				};
			};
			buildConfigurationList = 043886ED1CC874940015372C /* Build configuration list for PBXProject "tableViewButtonSelect" */;
			compatibilityVersion = "Xcode 3.2";
			developmentRegion = English;
			hasScannedForEncodings = 0;
			knownRegions = (
				en,
				Base,
			);
			mainGroup = 043886E91CC874940015372C;
			productRefGroup = 043886F31CC874940015372C /* Products */;
			projectDirPath = "";
			projectRoot = "";
			targets = (
				043886F11CC874940015372C /* tableViewButtonSelect */,
			);
		};
/* End PBXProject section */

/* Begin PBXResourcesBuildPhase section */
		043886F01CC874940015372C /* Resources */ = {
			isa = PBXResourcesBuildPhase;
			buildActionMask = 2147483647;
			files = (
				043887121CC877600015372C /* shoppingSelected.png in Resources */,
				043887051CC874940015372C /* LaunchScreen.storyboard in Resources */,
				043887021CC874940015372C /* Assets.xcassets in Resources */,
				043887111CC877600015372C /* shoppingnormal.png in Resources */,
				043887001CC874940015372C /* Main.storyboard in Resources */,
			);
			runOnlyForDeploymentPostprocessing = 0;
		};
/* End PBXResourcesBuildPhase section */

/* Begin PBXSourcesBuildPhase section */
		043886EE1CC874940015372C /* Sources */ = {
			isa = PBXSourcesBuildPhase;
			buildActionMask = 2147483647;
			files = (
				0438872F1CC87A130015372C /* MASConstraintMaker.m in Sources */,
				043886FD1CC874940015372C /* ViewController.m in Sources */,
				043886FA1CC874940015372C /* AppDelegate.m in Sources */,
				0438872E1CC87A130015372C /* MASConstraint.m in Sources */,
				043887361CC87A130015372C /* ViewController+MASAdditions.m in Sources */,
				043887301CC87A130015372C /* MASLayoutConstraint.m in Sources */,
				043887331CC87A130015372C /* NSArray+MASAdditions.m in Sources */,
				043887321CC87A130015372C /* MASViewConstraint.m in Sources */,
				043887311CC87A130015372C /* MASViewAttribute.m in Sources */,
				043887351CC87A130015372C /* View+MASAdditions.m in Sources */,
				0438870E1CC874BA0015372C /* TableCell.m in Sources */,
				043886F71CC874940015372C /* main.m in Sources */,
				0438872D1CC87A130015372C /* MASCompositeConstraint.m in Sources */,
				043887341CC87A130015372C /* NSLayoutConstraint+MASDebugAdditions.m in Sources */,
			);
			runOnlyForDeploymentPostprocessing = 0;
		};
/* End PBXSourcesBuildPhase section */

/* Begin PBXVariantGroup section */
		043886FE1CC874940015372C /* Main.storyboard */ = {
			isa = PBXVariantGroup;
			children = (
				043886FF1CC874940015372C /* Base */,
			);
			name = Main.storyboard;
			sourceTree = "<group>";
		};
		043887031CC874940015372C /* LaunchScreen.storyboard */ = {
			isa = PBXVariantGroup;
			children = (
				043887041CC874940015372C /* Base */,
			);
			name = LaunchScreen.storyboard;
			sourceTree = "<group>";
		};
/* End PBXVariantGroup section */

/* Begin XCBuildConfiguration section */
		043887071CC874940015372C /* Debug */ = {
			isa = XCBuildConfiguration;
			buildSettings = {
				ALWAYS_SEARCH_USER_PATHS = NO;
				CLANG_CXX_LANGUAGE_STANDARD = "gnu++0x";
				CLANG_CXX_LIBRARY = "libc++";
				CLANG_ENABLE_MODULES = YES;
				CLANG_ENABLE_OBJC_ARC = YES;
				CLANG_WARN_BOOL_CONVERSION = YES;
				CLANG_WARN_CONSTANT_CONVERSION = YES;
				CLANG_WARN_DIRECT_OBJC_ISA_USAGE = YES_ERROR;
				CLANG_WARN_EMPTY_BODY = YES;
				CLANG_WARN_ENUM_CONVERSION = YES;
				CLANG_WARN_INT_CONVERSION = YES;
				CLANG_WARN_OBJC_ROOT_CLASS = YES_ERROR;
				CLANG_WARN_UNREACHABLE_CODE = YES;
				CLANG_WARN__DUPLICATE_METHOD_MATCH = YES;
				"CODE_SIGN_IDENTITY[sdk=iphoneos*]" = "iPhone Developer";
				COPY_PHASE_STRIP = NO;
				DEBUG_INFORMATION_FORMAT = dwarf;
				ENABLE_STRICT_OBJC_MSGSEND = YES;
				ENABLE_TESTABILITY = YES;
				GCC_C_LANGUAGE_STANDARD = gnu99;
				GCC_DYNAMIC_NO_PIC = NO;
				GCC_NO_COMMON_BLOCKS = YES;
				GCC_OPTIMIZATION_LEVEL = 0;
				GCC_PREPROCESSOR_DEFINITIONS = (
					"DEBUG=1",
					"$(inherited)",
				);
				GCC_WARN_64_TO_32_BIT_CONVERSION = YES;
				GCC_WARN_ABOUT_RETURN_TYPE = YES_ERROR;
				GCC_WARN_UNDECLARED_SELECTOR = YES;
				GCC_WARN_UNINITIALIZED_AUTOS = YES_AGGRESSIVE;
				GCC_WARN_UNUSED_FUNCTION = YES;
				GCC_WARN_UNUSED_VARIABLE = YES;
				IPHONEOS_DEPLOYMENT_TARGET = 9.2;
				MTL_ENABLE_DEBUG_INFO = YES;
				ONLY_ACTIVE_ARCH = YES;
				SDKROOT = iphoneos;
			};
			name = Debug;
		};
		043887081CC874940015372C /* Release */ = {
			isa = XCBuildConfiguration;
			buildSettings = {
				ALWAYS_SEARCH_USER_PATHS = NO;
				CLANG_CXX_LANGUAGE_STANDARD = "gnu++0x";
				CLANG_CXX_LIBRARY = "libc++";
				CLANG_ENABLE_MODULES = YES;
				CLANG_ENABLE_OBJC_ARC = YES;
				CLANG_WARN_BOOL_CONVERSION = YES;
				CLANG_WARN_CONSTANT_CONVERSION = YES;
				CLANG_WARN_DIRECT_OBJC_ISA_USAGE = YES_ERROR;
				CLANG_WARN_EMPTY_BODY = YES;
				CLANG_WARN_ENUM_CONVERSION = YES;
				CLANG_WARN_INT_CONVERSION = YES;
				CLANG_WARN_OBJC_ROOT_CLASS = YES_ERROR;
				CLANG_WARN_UNREACHABLE_CODE = YES;
				CLANG_WARN__DUPLICATE_METHOD_MATCH = YES;
				"CODE_SIGN_IDENTITY[sdk=iphoneos*]" = "iPhone Developer";
				COPY_PHASE_STRIP = NO;
				DEBUG_INFORMATION_FORMAT = "dwarf-with-dsym";
				ENABLE_NS_ASSERTIONS = NO;
				ENABLE_STRICT_OBJC_MSGSEND = YES;
				GCC_C_LANGUAGE_STANDARD = gnu99;
				GCC_NO_COMMON_BLOCKS = YES;
				GCC_WARN_64_TO_32_BIT_CONVERSION = YES;
				GCC_WARN_ABOUT_RETURN_TYPE = YES_ERROR;
				GCC_WARN_UNDECLARED_SELECTOR = YES;
				GCC_WARN_UNINITIALIZED_AUTOS = YES_AGGRESSIVE;
				GCC_WARN_UNUSED_FUNCTION = YES;
				GCC_WARN_UNUSED_VARIABLE = YES;
				IPHONEOS_DEPLOYMENT_TARGET = 9.2;
				MTL_ENABLE_DEBUG_INFO = NO;
				SDKROOT = iphoneos;
				VALIDATE_PRODUCT = YES;
			};
			name = Release;
		};
		0438870A1CC874940015372C /* Debug */ = {
			isa = XCBuildConfiguration;
			buildSettings = {
				ASSETCATALOG_COMPILER_APPICON_NAME = AppIcon;
				INFOPLIST_FILE = tableViewButtonSelect/Info.plist;
				LD_RUNPATH_SEARCH_PATHS = "$(inherited) @executable_path/Frameworks";
				PRODUCT_BUNDLE_IDENTIFIER = newgen.tableViewButtonSelect;
				PRODUCT_NAME = "$(TARGET_NAME)";
			};
			name = Debug;
		};
		0438870B1CC874940015372C /* Release */ = {
			isa = XCBuildConfiguration;
			buildSettings = {
				ASSETCATALOG_COMPILER_APPICON_NAME = AppIcon;
				INFOPLIST_FILE = tableViewButtonSelect/Info.plist;
				LD_RUNPATH_SEARCH_PATHS = "$(inherited) @executable_path/Frameworks";
				PRODUCT_BUNDLE_IDENTIFIER = newgen.tableViewButtonSelect;
				PRODUCT_NAME = "$(TARGET_NAME)";
			};
			name = Release;
		};
/* End XCBuildConfiguration section */

/* Begin XCConfigurationList section */
		043886ED1CC874940015372C /* Build configuration list for PBXProject "tableViewButtonSelect" */ = {
			isa = XCConfigurationList;
			buildConfigurations = (
				043887071CC874940015372C /* Debug */,
				043887081CC874940015372C /* Release */,
			);
			defaultConfigurationIsVisible = 0;
			defaultConfigurationName = Release;
		};
		043887091CC874940015372C /* Build configuration list for PBXNativeTarget "tableViewButtonSelect" */ = {
			isa = XCConfigurationList;
			buildConfigurations = (
				0438870A1CC874940015372C /* Debug */,
				0438870B1CC874940015372C /* Release */,
			);
			defaultConfigurationIsVisible = 0;
		};
/* End XCConfigurationList section */
	};
	rootObject = 043886EA1CC874940015372C /* Project object */;
}
